
Microsoft Visual Studio Solution File, Format Version 12.00
# Visual Studio 15
VisualStudioVersion = 15.0.27428.2037
MinimumVisualStudioVersion = 10.0.40219.1
Project("{FAE04EC0-301F-11D3-BF4B-00C04F79EFBC}") = "Oefening21_21_23", "Oefening21_21_23\Oefening21_21_23.csproj", "{4519658E-BCE5-4C8F-A379-119A52B9520F}"
EndProject
Global
	GlobalSection(SolutionConfigurationPlatforms) = preSolution
		Debug|Any CPU = Debug|Any CPU
		Release|Any CPU = Release|Any CPU
	EndGlobalSection
	GlobalSection(ProjectConfigurationPlatforms) = postSolution
		{4519658E-BCE5-4C8F-A379-119A52B9520F}.Debug|Any CPU.ActiveCfg = Debug|Any CPU
		{4519658E-BCE5-4C8F-A379-119A52B9520F}.Debug|Any CPU.Build.0 = Debug|Any CPU
		{4519658E-BCE5-4C8F-A379-119A52B9520F}.Release|Any CPU.ActiveCfg = Release|Any CPU
		{4519658E-BCE5-4C8F-A379-119A52B9520F}.Release|Any CPU.Build.0 = Release|Any CPU
	EndGlobalSection
	GlobalSection(SolutionProperties) = preSolution
		HideSolutionNode = FALSE
	EndGlobalSection
	GlobalSection(ExtensibilityGlobals) = postSolution
		SolutionGuid = {979B9ABD-1D4E-4F0E-A646-AF66EBB823E7}
	EndGlobalSection
EndGlobal
