
Microsoft Visual Studio Solution File, Format Version 12.00
# Visual Studio 15
VisualStudioVersion = 15.0.27428.2005
MinimumVisualStudioVersion = 10.0.40219.1
Project("{FAE04EC0-301F-11D3-BF4B-00C04F79EFBC}") = "Oefening11_7", "Oefening11_7.csproj", "{C158DDDD-24B9-47F2-AA6A-0076A3EAF25B}"
EndProject
Global
	GlobalSection(SolutionConfigurationPlatforms) = preSolution
		Debug|Any CPU = Debug|Any CPU
		Release|Any CPU = Release|Any CPU
	EndGlobalSection
	GlobalSection(ProjectConfigurationPlatforms) = postSolution
		{C158DDDD-24B9-47F2-AA6A-0076A3EAF25B}.Debug|Any CPU.ActiveCfg = Debug|Any CPU
		{C158DDDD-24B9-47F2-AA6A-0076A3EAF25B}.Debug|Any CPU.Build.0 = Debug|Any CPU
		{C158DDDD-24B9-47F2-AA6A-0076A3EAF25B}.Release|Any CPU.ActiveCfg = Release|Any CPU
		{C158DDDD-24B9-47F2-AA6A-0076A3EAF25B}.Release|Any CPU.Build.0 = Release|Any CPU
	EndGlobalSection
	GlobalSection(SolutionProperties) = preSolution
		HideSolutionNode = FALSE
	EndGlobalSection
	GlobalSection(ExtensibilityGlobals) = postSolution
		SolutionGuid = {FE54E9F3-D6E5-47CA-8B17-B73E03E6189E}
	EndGlobalSection
EndGlobal
