
Microsoft Visual Studio Solution File, Format Version 12.00
# Visual Studio 15
VisualStudioVersion = 15.0.27428.2037
MinimumVisualStudioVersion = 10.0.40219.1
Project("{FAE04EC0-301F-11D3-BF4B-00C04F79EFBC}") = "Oefening23_5", "Oefening23_5\Oefening23_5.csproj", "{7DB86EEF-C7E5-4900-8648-9AEEC317AA32}"
EndProject
Global
	GlobalSection(SolutionConfigurationPlatforms) = preSolution
		Debug|Any CPU = Debug|Any CPU
		Release|Any CPU = Release|Any CPU
	EndGlobalSection
	GlobalSection(ProjectConfigurationPlatforms) = postSolution
		{7DB86EEF-C7E5-4900-8648-9AEEC317AA32}.Debug|Any CPU.ActiveCfg = Debug|Any CPU
		{7DB86EEF-C7E5-4900-8648-9AEEC317AA32}.Debug|Any CPU.Build.0 = Debug|Any CPU
		{7DB86EEF-C7E5-4900-8648-9AEEC317AA32}.Release|Any CPU.ActiveCfg = Release|Any CPU
		{7DB86EEF-C7E5-4900-8648-9AEEC317AA32}.Release|Any CPU.Build.0 = Release|Any CPU
	EndGlobalSection
	GlobalSection(SolutionProperties) = preSolution
		HideSolutionNode = FALSE
	EndGlobalSection
	GlobalSection(ExtensibilityGlobals) = postSolution
		SolutionGuid = {7C676D1C-F0C9-499D-90B8-2DDD31784C71}
	EndGlobalSection
EndGlobal
