
Microsoft Visual Studio Solution File, Format Version 12.00
# Visual Studio 15
VisualStudioVersion = 15.0.27428.2037
MinimumVisualStudioVersion = 10.0.40219.1
Project("{FAE04EC0-301F-11D3-BF4B-00C04F79EFBC}") = "Oefening13_8", "Oefening13_8\Oefening13_8.csproj", "{4BF7287D-5B3A-4481-B16B-1AB50FEE94F5}"
EndProject
Global
	GlobalSection(SolutionConfigurationPlatforms) = preSolution
		Debug|Any CPU = Debug|Any CPU
		Release|Any CPU = Release|Any CPU
	EndGlobalSection
	GlobalSection(ProjectConfigurationPlatforms) = postSolution
		{4BF7287D-5B3A-4481-B16B-1AB50FEE94F5}.Debug|Any CPU.ActiveCfg = Debug|Any CPU
		{4BF7287D-5B3A-4481-B16B-1AB50FEE94F5}.Debug|Any CPU.Build.0 = Debug|Any CPU
		{4BF7287D-5B3A-4481-B16B-1AB50FEE94F5}.Release|Any CPU.ActiveCfg = Release|Any CPU
		{4BF7287D-5B3A-4481-B16B-1AB50FEE94F5}.Release|Any CPU.Build.0 = Release|Any CPU
	EndGlobalSection
	GlobalSection(SolutionProperties) = preSolution
		HideSolutionNode = FALSE
	EndGlobalSection
	GlobalSection(ExtensibilityGlobals) = postSolution
		SolutionGuid = {159F439B-33E3-4ABE-8D61-3BE0ABED4723}
	EndGlobalSection
EndGlobal
