
Microsoft Visual Studio Solution File, Format Version 12.00
# Visual Studio 15
VisualStudioVersion = 15.0.27130.2027
MinimumVisualStudioVersion = 10.0.40219.1
Project("{FAE04EC0-301F-11D3-BF4B-00C04F79EFBC}") = "FirstDrawing", "FirstDrawing.csproj", "{4AF566BE-EA22-4B6C-8E2F-E1B0076A4A69}"
EndProject
Global
	GlobalSection(SolutionConfigurationPlatforms) = preSolution
		Debug|Any CPU = Debug|Any CPU
		Release|Any CPU = Release|Any CPU
	EndGlobalSection
	GlobalSection(ProjectConfigurationPlatforms) = postSolution
		{4AF566BE-EA22-4B6C-8E2F-E1B0076A4A69}.Debug|Any CPU.ActiveCfg = Debug|Any CPU
		{4AF566BE-EA22-4B6C-8E2F-E1B0076A4A69}.Debug|Any CPU.Build.0 = Debug|Any CPU
		{4AF566BE-EA22-4B6C-8E2F-E1B0076A4A69}.Release|Any CPU.ActiveCfg = Release|Any CPU
		{4AF566BE-EA22-4B6C-8E2F-E1B0076A4A69}.Release|Any CPU.Build.0 = Release|Any CPU
	EndGlobalSection
	GlobalSection(SolutionProperties) = preSolution
		HideSolutionNode = FALSE
	EndGlobalSection
	GlobalSection(ExtensibilityGlobals) = postSolution
		SolutionGuid = {EBDA86C9-A90E-4140-AAD7-B3AE52A1EAD7}
	EndGlobalSection
EndGlobal
