
Microsoft Visual Studio Solution File, Format Version 12.00
# Visual Studio 15
VisualStudioVersion = 15.0.27428.2015
MinimumVisualStudioVersion = 10.0.40219.1
Project("{FAE04EC0-301F-11D3-BF4B-00C04F79EFBC}") = "MenuTesting", "MenuTesting\MenuTesting.csproj", "{CE52EEFF-863C-4976-946E-A1C6933D2E0A}"
EndProject
Global
	GlobalSection(SolutionConfigurationPlatforms) = preSolution
		Debug|Any CPU = Debug|Any CPU
		Release|Any CPU = Release|Any CPU
	EndGlobalSection
	GlobalSection(ProjectConfigurationPlatforms) = postSolution
		{CE52EEFF-863C-4976-946E-A1C6933D2E0A}.Debug|Any CPU.ActiveCfg = Debug|Any CPU
		{CE52EEFF-863C-4976-946E-A1C6933D2E0A}.Debug|Any CPU.Build.0 = Debug|Any CPU
		{CE52EEFF-863C-4976-946E-A1C6933D2E0A}.Release|Any CPU.ActiveCfg = Release|Any CPU
		{CE52EEFF-863C-4976-946E-A1C6933D2E0A}.Release|Any CPU.Build.0 = Release|Any CPU
	EndGlobalSection
	GlobalSection(SolutionProperties) = preSolution
		HideSolutionNode = FALSE
	EndGlobalSection
	GlobalSection(ExtensibilityGlobals) = postSolution
		SolutionGuid = {4E70CE56-539F-4834-885E-8AAA9A7A04E0}
	EndGlobalSection
EndGlobal
