
Microsoft Visual Studio Solution File, Format Version 12.00
# Visual Studio 15
VisualStudioVersion = 15.0.27130.2027
MinimumVisualStudioVersion = 10.0.40219.1
Project("{FAE04EC0-301F-11D3-BF4B-00C04F79EFBC}") = "HelloButton", "HelloButton\HelloButton.csproj", "{89F86E3D-D1B8-457B-A386-E2F4FBA9F4A0}"
EndProject
Global
	GlobalSection(SolutionConfigurationPlatforms) = preSolution
		Debug|Any CPU = Debug|Any CPU
		Release|Any CPU = Release|Any CPU
	EndGlobalSection
	GlobalSection(ProjectConfigurationPlatforms) = postSolution
		{89F86E3D-D1B8-457B-A386-E2F4FBA9F4A0}.Debug|Any CPU.ActiveCfg = Debug|Any CPU
		{89F86E3D-D1B8-457B-A386-E2F4FBA9F4A0}.Debug|Any CPU.Build.0 = Debug|Any CPU
		{89F86E3D-D1B8-457B-A386-E2F4FBA9F4A0}.Release|Any CPU.ActiveCfg = Release|Any CPU
		{89F86E3D-D1B8-457B-A386-E2F4FBA9F4A0}.Release|Any CPU.Build.0 = Release|Any CPU
	EndGlobalSection
	GlobalSection(SolutionProperties) = preSolution
		HideSolutionNode = FALSE
	EndGlobalSection
	GlobalSection(ExtensibilityGlobals) = postSolution
		SolutionGuid = {741BB309-7CFC-4717-AEA5-F2FEF789B172}
	EndGlobalSection
EndGlobal
