
Microsoft Visual Studio Solution File, Format Version 12.00
# Visual Studio 15
VisualStudioVersion = 15.0.27428.2005
MinimumVisualStudioVersion = 10.0.40219.1
Project("{FAE04EC0-301F-11D3-BF4B-00C04F79EFBC}") = "ListboxDemo", "ListboxDemo.csproj", "{B155BCBA-299C-49A0-848C-1760C6C373D9}"
EndProject
Global
	GlobalSection(SolutionConfigurationPlatforms) = preSolution
		Debug|Any CPU = Debug|Any CPU
		Release|Any CPU = Release|Any CPU
	EndGlobalSection
	GlobalSection(ProjectConfigurationPlatforms) = postSolution
		{B155BCBA-299C-49A0-848C-1760C6C373D9}.Debug|Any CPU.ActiveCfg = Debug|Any CPU
		{B155BCBA-299C-49A0-848C-1760C6C373D9}.Debug|Any CPU.Build.0 = Debug|Any CPU
		{B155BCBA-299C-49A0-848C-1760C6C373D9}.Release|Any CPU.ActiveCfg = Release|Any CPU
		{B155BCBA-299C-49A0-848C-1760C6C373D9}.Release|Any CPU.Build.0 = Release|Any CPU
	EndGlobalSection
	GlobalSection(SolutionProperties) = preSolution
		HideSolutionNode = FALSE
	EndGlobalSection
	GlobalSection(ExtensibilityGlobals) = postSolution
		SolutionGuid = {5081FB16-4031-4395-851B-5B6569725CFC}
	EndGlobalSection
EndGlobal
