
Microsoft Visual Studio Solution File, Format Version 12.00
# Visual Studio 15
VisualStudioVersion = 15.0.27130.2027
MinimumVisualStudioVersion = 10.0.40219.1
Project("{FAE04EC0-301F-11D3-BF4B-00C04F79EFBC}") = "Canon", "Canon.csproj", "{1E6B69CC-1209-43B2-8D4B-C6619B4C2788}"
EndProject
Global
	GlobalSection(SolutionConfigurationPlatforms) = preSolution
		Debug|Any CPU = Debug|Any CPU
		Release|Any CPU = Release|Any CPU
	EndGlobalSection
	GlobalSection(ProjectConfigurationPlatforms) = postSolution
		{1E6B69CC-1209-43B2-8D4B-C6619B4C2788}.Debug|Any CPU.ActiveCfg = Debug|Any CPU
		{1E6B69CC-1209-43B2-8D4B-C6619B4C2788}.Debug|Any CPU.Build.0 = Debug|Any CPU
		{1E6B69CC-1209-43B2-8D4B-C6619B4C2788}.Release|Any CPU.ActiveCfg = Release|Any CPU
		{1E6B69CC-1209-43B2-8D4B-C6619B4C2788}.Release|Any CPU.Build.0 = Release|Any CPU
	EndGlobalSection
	GlobalSection(SolutionProperties) = preSolution
		HideSolutionNode = FALSE
	EndGlobalSection
	GlobalSection(ExtensibilityGlobals) = postSolution
		SolutionGuid = {BE37EFCB-5925-42DA-9D43-F42F545D4385}
	EndGlobalSection
EndGlobal
