
Microsoft Visual Studio Solution File, Format Version 12.00
# Visual Studio 15
VisualStudioVersion = 15.0.27130.2027
MinimumVisualStudioVersion = 10.0.40219.1
Project("{FAE04EC0-301F-11D3-BF4B-00C04F79EFBC}") = "WekkerApp", "WekkerApp.csproj", "{AE3EE144-A3A1-450E-91FD-236A287A5B47}"
EndProject
Global
	GlobalSection(SolutionConfigurationPlatforms) = preSolution
		Debug|Any CPU = Debug|Any CPU
		Release|Any CPU = Release|Any CPU
	EndGlobalSection
	GlobalSection(ProjectConfigurationPlatforms) = postSolution
		{AE3EE144-A3A1-450E-91FD-236A287A5B47}.Debug|Any CPU.ActiveCfg = Debug|Any CPU
		{AE3EE144-A3A1-450E-91FD-236A287A5B47}.Debug|Any CPU.Build.0 = Debug|Any CPU
		{AE3EE144-A3A1-450E-91FD-236A287A5B47}.Release|Any CPU.ActiveCfg = Release|Any CPU
		{AE3EE144-A3A1-450E-91FD-236A287A5B47}.Release|Any CPU.Build.0 = Release|Any CPU
	EndGlobalSection
	GlobalSection(SolutionProperties) = preSolution
		HideSolutionNode = FALSE
	EndGlobalSection
	GlobalSection(ExtensibilityGlobals) = postSolution
		SolutionGuid = {54E52FD7-37B0-4727-AC2C-9B48CA58581D}
	EndGlobalSection
EndGlobal
