
Microsoft Visual Studio Solution File, Format Version 12.00
# Visual Studio 15
VisualStudioVersion = 15.0.27428.2043
MinimumVisualStudioVersion = 10.0.40219.1
Project("{FAE04EC0-301F-11D3-BF4B-00C04F79EFBC}") = "Oef18_8", "Oef18_8.csproj", "{19C3A8C3-7D20-45C8-8DAD-6C61D6F305FD}"
EndProject
Global
	GlobalSection(SolutionConfigurationPlatforms) = preSolution
		Debug|Any CPU = Debug|Any CPU
		Release|Any CPU = Release|Any CPU
	EndGlobalSection
	GlobalSection(ProjectConfigurationPlatforms) = postSolution
		{19C3A8C3-7D20-45C8-8DAD-6C61D6F305FD}.Debug|Any CPU.ActiveCfg = Debug|Any CPU
		{19C3A8C3-7D20-45C8-8DAD-6C61D6F305FD}.Debug|Any CPU.Build.0 = Debug|Any CPU
		{19C3A8C3-7D20-45C8-8DAD-6C61D6F305FD}.Release|Any CPU.ActiveCfg = Release|Any CPU
		{19C3A8C3-7D20-45C8-8DAD-6C61D6F305FD}.Release|Any CPU.Build.0 = Release|Any CPU
	EndGlobalSection
	GlobalSection(SolutionProperties) = preSolution
		HideSolutionNode = FALSE
	EndGlobalSection
	GlobalSection(ExtensibilityGlobals) = postSolution
		SolutionGuid = {B82326B9-1580-4B88-A143-71359C2CA683}
	EndGlobalSection
EndGlobal
